
Microsoft Visual Studio Solution File, Format Version 12.00
# Visual Studio Version 17
VisualStudioVersion = 17.9.34714.143
MinimumVisualStudioVersion = 10.0.40219.1
Project("{9A19103F-16F7-4668-BE54-9A1E7A4F7556}") = "Wolmart.MVC", "Wolmart.MVC.csproj", "{4732E56A-90AD-47A2-AC99-FA691E1E95D7}"
EndProject
Global
	GlobalSection(SolutionConfigurationPlatforms) = preSolution
		Debug|Any CPU = Debug|Any CPU
		Release|Any CPU = Release|Any CPU
	EndGlobalSection
	GlobalSection(ProjectConfigurationPlatforms) = postSolution
		{4732E56A-90AD-47A2-AC99-FA691E1E95D7}.Debug|Any CPU.ActiveCfg = Debug|Any CPU
		{4732E56A-90AD-47A2-AC99-FA691E1E95D7}.Debug|Any CPU.Build.0 = Debug|Any CPU
		{4732E56A-90AD-47A2-AC99-FA691E1E95D7}.Release|Any CPU.ActiveCfg = Release|Any CPU
		{4732E56A-90AD-47A2-AC99-FA691E1E95D7}.Release|Any CPU.Build.0 = Release|Any CPU
	EndGlobalSection
	GlobalSection(SolutionProperties) = preSolution
		HideSolutionNode = FALSE
	EndGlobalSection
	GlobalSection(ExtensibilityGlobals) = postSolution
		SolutionGuid = {CC593A95-EA0A-4B4D-B861-5C4C5C827994}
	EndGlobalSection
EndGlobal
